name: workshop
channels:
- conda-forge
dependencies:
- _openmp_mutex=4.5=7_kmp_llvm
- alsa-lib=1.2.15.3=hb03c661_0
- asttokens=3.0.1=pyhd8ed1ab_0
- backports.zstd=1.5.0=py312h90b7ffd_0
- binutils=2.45.1=default_h4852527_102
- binutils_impl_linux-64=2.45.1=default_hfdba357_102
- binutils_linux-64=2.45.1=default_h4852527_102
- brotli-python=1.2.0=py312hdb49522_1
- bzip2=1.0.8=hda65f42_9
- c-ares=1.34.6=hb03c661_0
- c-compiler=1.11.0=h4d9bdce_0
- ca-certificates=2026.4.22=hbd8a1cb_0
- cairo=1.18.4=h3394656_0
- certifi=2026.4.22=pyhd8ed1ab_0
- charset-normalizer=3.4.7=pyhd8ed1ab_0
- cmake=4.2.3=hc85cc9f_1
- colorama=0.4.6=pyhd8ed1ab_1
- conda-gcc-specs=14.3.0=he8ccf15_19
- cpython=3.12.13=py312hd8ed1ab_0
- cuda-cccl_linux-64=12.9.27=ha770c72_0
- cuda-command-line-tools=12.9.1=ha770c72_0
- cuda-compiler=12.9.1=hbad6d8a_0
- cuda-crt-dev_linux-64=12.9.86=ha770c72_2
- cuda-crt-tools=12.9.86=ha770c72_2
- cuda-cudart=12.9.79=h5888daf_0
- cuda-cudart-dev=12.9.79=h5888daf_0
- cuda-cudart-dev_linux-64=12.9.79=h3f2d84a_0
- cuda-cudart-static=12.9.79=h5888daf_0
- cuda-cudart-static_linux-64=12.9.79=h3f2d84a_0
- cuda-cudart_linux-64=12.9.79=h3f2d84a_0
- cuda-cuobjdump=12.9.82=hffce074_1
- cuda-cupti=12.9.79=h676940d_1
- cuda-cupti-dev=12.9.79=h676940d_1
- cuda-cuxxfilt=12.9.82=hffce074_1
- cuda-driver-dev=12.9.79=h5888daf_0
- cuda-driver-dev_linux-64=12.9.79=h3f2d84a_0
- cuda-gdb=12.9.79=hba53cbc_3
- cuda-libraries=12.9.1=ha770c72_0
- cuda-libraries-dev=12.9.1=ha770c72_0
- cuda-nsight=12.9.79=h7938cbb_0
- cuda-nvcc=12.9.86=hcdd1206_6
- cuda-nvcc-dev_linux-64=12.9.86=he91c749_2
- cuda-nvcc-impl=12.9.86=h85509e4_2
- cuda-nvcc-tools=12.9.86=he02047a_2
- cuda-nvcc_linux-64=12.9.86=he0b4e1d_6
- cuda-nvdisasm=12.9.88=hffce074_1
- cuda-nvml-dev=12.9.79=hffce074_1
- cuda-nvprof=12.9.79=hcf8d014_0
- cuda-nvprune=12.9.82=hffce074_1
- cuda-nvrtc=12.9.86=hecca717_1
- cuda-nvrtc-dev=12.9.86=hecca717_1
- cuda-nvtx=12.9.79=hecca717_1
- cuda-nvvm-dev_linux-64=12.9.86=ha770c72_2
- cuda-nvvm-impl=12.9.86=h4bc722e_2
- cuda-nvvm-tools=12.9.86=h4bc722e_2
- cuda-nvvp=12.9.79=hbd13f7d_0
- cuda-opencl=12.9.19=h5888daf_0
- cuda-opencl-dev=12.9.19=h5888daf_0
- cuda-profiler-api=12.9.79=h7938cbb_1
- cuda-sanitizer-api=12.9.79=h10ca0ad_1
- cuda-toolkit=12.9.1=ha804496_0
- cuda-tools=12.9.1=ha770c72_0
- cuda-version=12.9=h4f385c5_3
- cuda-visual-tools=12.9.1=ha770c72_0
- cxx-compiler=1.11.0=hfcd1e18_0
- dbus=1.16.2=h24cb091_1
- decorator=5.2.1=pyhd8ed1ab_0
- exceptiongroup=1.3.1=pyhd8ed1ab_0
- executing=2.2.1=pyhd8ed1ab_0
- fftw=3.3.11=nompi_h3b011a4_100
- filelock=3.29.0=pyhd8ed1ab_0
- fmt=12.1.0=hff5e90c_0
- font-ttf-dejavu-sans-mono=2.37=hab24e00_0
- font-ttf-inconsolata=3.000=h77eed37_0
- font-ttf-source-code-pro=2.038=h77eed37_0
- font-ttf-ubuntu=0.83=h77eed37_3
- fontconfig=2.17.1=h27c8c51_0
- fonts-conda-ecosystem=1=0
- fonts-conda-forge=1=hc364b38_1
- freetype=2.14.3=ha770c72_0
- fsspec=2026.4.0=pyhd8ed1ab_0
- gcc=14.3.0=h0dff253_19
- gcc_impl_linux-64=14.3.0=h235f0fe_19
- gcc_linux-64=14.3.0=h50e9bb6_24
- gdb=14.2=py312heaf2220_0
- gds-tools=1.14.1.1=hecca717_1
- gfortran=14.3.0=he448592_7
- gfortran_impl_linux-64=14.3.0=h1a219da_19
- gmp=6.3.0=hac33072_2
- gmpy2=2.3.0=py312hcaba1f9_1
- gxx=14.3.0=he448592_7
- gxx_impl_linux-64=14.3.0=h2185e75_19
- gxx_linux-64=14.3.0=h8a413ad_24
- h2=4.3.0=pyhcf101f3_0
- hpack=4.1.0=pyhd8ed1ab_0
- hyperframe=6.1.0=pyhd8ed1ab_0
- icu=75.1=he02047a_0
- idna=3.13=pyhcf101f3_0
- iniconfig=2.3.0=pyhd8ed1ab_0
- ipython=9.13.0=pyh53cf698_0
- ipython_pygments_lexers=1.1.1=pyhd8ed1ab_0
- jedi=0.19.2=pyhd8ed1ab_1
- jinja2=3.1.6=pyhcf101f3_1
- jsonpickle=4.1.1=pyhe01879c_0
- junit-xml=1.9=pyhd8ed1ab_1
- kernel-headers_linux-64=5.14.0=he073ed8_3
- keyutils=1.6.3=hb9d3cd8_0
- krb5=1.21.3=h659f571_0
- ld_impl_linux-64=2.45.1=default_hbd61a6d_102
- libabseil=20260107.1=cxx17_h7b12aa8_0
- libblas=3.11.0=6_h5875eb1_mkl
- libcap=2.77=hd0affe5_1
- libcblas=3.11.0=6_hfef963f_mkl
- libcublas=12.9.1.4=h676940d_1
- libcublas-dev=12.9.1.4=h676940d_1
- libcudnn=9.10.2.21=hf7e9902_0
- libcudss=0.7.1.4=h58dd1b1_1
- libcufft=11.4.1.4=hecca717_1
- libcufft-dev=11.4.1.4=hecca717_1
- libcufile=1.14.1.1=hbc026e6_1
- libcufile-dev=1.14.1.1=hecca717_1
- libcurand=10.3.10.19=h676940d_1
- libcurand-dev=10.3.10.19=h676940d_1
- libcurl=8.18.0=h4e3cde8_0
- libcusolver=11.7.5.82=h676940d_2
- libcusolver-dev=11.7.5.82=h676940d_2
- libcusparse=12.5.10.65=hecca717_2
- libcusparse-dev=12.5.10.65=hecca717_2
- libedit=3.1.20250104=pl5321h7949ede_0
- libev=4.33=hd590300_2
- libevent=2.1.12=hf998b51_1
- libexpat=2.8.0=hecca717_0
- libfabric=2.5.1=ha770c72_0
- libfabric1=2.5.1=hf621623_0
- libffi=3.5.2=h3435931_0
- libfreetype=2.14.3=ha770c72_0
- libfreetype6=2.14.3=h73754d4_0
- libgcc=15.2.0=he0feb66_19
- libgcc-devel_linux-64=14.3.0=hf649bbc_119
- libgcc-ng=15.2.0=h69a702a_19
- libgfortran=15.2.0=h69a702a_19
- libgfortran-ng=15.2.0=h69a702a_19
- libgfortran5=15.2.0=h68bc16d_19
- libglib=2.88.1=h0d30a3d_2
- libglvnd=1.7.0=ha4b6fd6_2
- libgomp=15.2.0=he0feb66_19
- libhwloc=2.12.1=default_h3d81e11_1000
- libiconv=1.18=h3b78370_2
- liblapack=3.11.0=6_h5e43f62_mkl
- liblzma=5.8.3=hb03c661_0
- liblzma-devel=5.8.3=hb03c661_0
- libmagma=2.9.0=ha7672b3_6
- libnghttp2=1.68.1=h877daf1_0
- libnl=3.11.0=hb9d3cd8_0
- libnpp=12.4.1.87=h676940d_1
- libnpp-dev=12.4.1.87=h676940d_1
- libnsl=2.0.1=hb9d3cd8_1
- libnuma=2.0.18=hb03c661_3
- libnvfatbin=12.9.82=hecca717_1
- libnvfatbin-dev=12.9.82=hecca717_1
- libnvjitlink=12.9.86=hecca717_2
- libnvjitlink-dev=12.9.86=hecca717_2
- libnvjpeg=12.4.0.76=hecca717_1
- libnvjpeg-dev=12.4.0.76=ha770c72_1
- libnvptxcompiler-dev=12.9.86=ha770c72_2
- libnvptxcompiler-dev_linux-64=12.9.86=ha770c72_2
- libopengl=1.7.0=ha4b6fd6_2
- libpmix=5.0.8=h4bd6b51_2
- libpng=1.6.58=h421ea60_0
- libprotobuf=6.33.5=h2b00c02_0
- libsanitizer=14.3.0=h8f1669f_19
- libsqlite=3.53.1=h0c1763c_0
- libssh2=1.11.1=hcf80075_0
- libstdcxx=15.2.0=h934c35e_19
- libstdcxx-devel_linux-64=14.3.0=h9f08a49_119
- libstdcxx-ng=15.2.0=hdf11a46_19
- libsystemd0=260.1=h6569c3e_0
- libtorch=2.10.0=cuda129_mkl_hd6d2a1f_303
- libudev1=260.1=h6569c3e_0
- libuuid=2.42=h5347b49_0
- libuv=1.51.0=hb03c661_1
- libxcb=1.17.0=h8a09558_0
- libxcrypt=4.4.36=hd590300_1
- libxkbcommon=1.11.0=he8b52b9_0
- libxkbfile=1.1.0=h166bdaf_1
- libxml2=2.13.9=h04c0eec_0
- libzlib=1.3.2=h25fd6f3_2
- llvm-openmp=22.1.5=h4922eb0_1
- make=4.4.1=hb9d3cd8_2
- markupsafe=3.0.3=py312h8a5da7c_1
- matplotlib-inline=0.2.2=pyhd8ed1ab_0
- mkl=2025.3.1=h0e700b2_12
- mpc=1.4.0=he0a73b1_0
- mpfr=4.2.2=he0a73b1_0
- mpi=1.0.1=openmpi
- mpi4py=4.1.1=py312hd140a38_103
- mpmath=1.3.0=pyhd8ed1ab_1
- nccl=2.30.4.1=h4d09622_0
- ncurses=6.6=hdb14827_0
- networkx=3.6.1=pyhcf101f3_0
- ninja=1.13.2=h171cf75_0
- nsight-compute=2025.2.1.3=hb5ebaad_0
- nspr=4.38=h29cc59b_0
- nss=3.118=h445c969_0
- numpy=2.4.4=py312h33ff503_0
- ocl-icd=2.3.3=hb9d3cd8_0
- ocl-icd-system=1.0.0=1
- onemkl-license=2025.3.1=hf2ce2f3_12
- openbabel=3.1.1=py312hbfe4552_9
- opencl-headers=2025.06.13=hecca717_0
- openmm=8.5.1=py312h5a97af1_0
- openmm-torch=1.5.1=cuda129py312he4cb518_5
- openmpi=5.0.8=h2fe1745_110
- openssl=3.6.2=h35e630c_0
- optree=0.19.1=py312hd9148b4_0
- packaging=26.2=pyhc364b38_0
- pandas=3.0.3=py312h8ecdadd_0
- parso=0.8.7=pyhcf101f3_0
- pcre2=10.47=haa7fec5_0
- pexpect=4.9.0=pyhd8ed1ab_1
- pip=26.1.1=pyh8b19718_0
- pixman=0.46.4=h54a6638_1
- pluggy=1.6.0=pyhf9edf01_1
- prompt-toolkit=3.0.52=pyha770c72_0
- propka=3.5.1=pyhecae5ae_2
- psutil=7.2.2=py312h5253ce2_0
- pthread-stubs=0.4=hb9d3cd8_1002
- ptyprocess=0.7.0=pyhd8ed1ab_1
- pure_eval=0.2.3=pyhd8ed1ab_1
- py=1.11.0=pyhd8ed1ab_1
- py3dmol=2.5.4=pyhd8ed1ab_0
- pybind11=3.0.1=pyh7a1b43c_0
- pybind11-abi=11=hc364b38_1
- pybind11-global=3.0.1=pyhc7ab6ef_0
- pygments=2.20.0=pyhd8ed1ab_0
- pysocks=1.7.1=pyha55dd90_7
- pytest=9.0.3=pyhc364b38_1
- pytest-forked=1.6.0=pyhd8ed1ab_1
- python=3.12.13=hd63d673_0_cpython
- python-dateutil=2.9.0.post0=pyhe01879c_2
- python_abi=3.12=8_cp312
- pytorch=2.10.0=cuda129_mkl_py312_h9ac99b3_303
- rdma-core=63.0=h192683f_1
- readline=8.3=h853b02a_0
- requests=2.34.0=pyhcf101f3_0
- rhash=1.4.6=hb9d3cd8_1
- rocm-core=7.0.2=h54a6638_0
- scipy=1.17.1=py312h54fa4ab_0
- setuptools=82.0.1=pyh332efcf_0
- six=1.17.0=pyhe01879c_1
- sleef=3.9.0=ha0421bc_0
- stack_data=0.6.3=pyhd8ed1ab_1
- sympy=1.14.0=pyh2585a3b_106
- sysroot_linux-64=2.34=h087de78_3
- tbb=2022.3.0=h8d10470_1
- tk=8.6.13=noxft_h366c992_103
- tomli=2.4.1=pyhcf101f3_0
- traitlets=5.15.0=pyhcf101f3_0
- triton=3.6.0=cuda129py312h811769c_1
- typing-extensions=4.15.0=h396c80c_0
- typing_extensions=4.15.0=pyhcf101f3_0
- tzdata=2025c=hc9c84f9_1
- ucc=1.6.0=hb729f83_1
- ucx=1.19.1=h63b5c0b_0
- urllib3=2.7.0=pyhd8ed1ab_0
- wayland=1.25.0=hd6090a7_0
- wcwidth=0.7.0=pyhd8ed1ab_0
- wheel=0.47.0=pyhd8ed1ab_0
- xcb-util=0.4.1=h4f16b4b_2
- xcb-util-cursor=0.1.6=hb03c661_0
- xcb-util-image=0.4.0=hb711507_2
- xcb-util-keysyms=0.4.1=hb711507_0
- xcb-util-renderutil=0.3.10=hb711507_0
- xcb-util-wm=0.4.2=hb711507_0
- xkeyboard-config=2.47=hb03c661_0
- xorg-libice=1.1.2=hb9d3cd8_0
- xorg-libsm=1.2.6=he73a12e_0
- xorg-libx11=1.8.13=he1eb515_0
- xorg-libxau=1.0.12=hb03c661_1
- xorg-libxcomposite=0.4.7=hb03c661_0
- xorg-libxdamage=1.1.6=hb9d3cd8_0
- xorg-libxdmcp=1.1.5=hb03c661_1
- xorg-libxext=1.3.7=hb03c661_0
- xorg-libxfixes=6.0.2=hb03c661_0
- xorg-libxi=1.8.2=hb9d3cd8_0
- xorg-libxrandr=1.5.5=hb03c661_0
- xorg-libxrender=0.9.12=hb9d3cd8_0
- xorg-libxtst=1.2.5=hb9d3cd8_3
- xz=5.8.3=ha02ee65_0
- xz-gpl-tools=5.8.3=ha02ee65_0
- xz-tools=5.8.3=hb03c661_0
- zlib=1.3.2=h25fd6f3_2
- zstd=1.5.7=hb78ec9c_6

